
Microsoft Visual Studio Solution File, Format Version 12.00
# Visual Studio 15
Project("{FAE04EC0-301F-11D3-BF4B-00C04F79EFBC}") = "math", "math\math.csproj", "{CE2026D9-19C1-4C7A-966F-2B7DF48E8558}"
EndProject
Global
	GlobalSection(SolutionConfigurationPlatforms) = preSolution
		Debug|Any CPU = Debug|Any CPU
		Release|Any CPU = Release|Any CPU
	EndGlobalSection
	GlobalSection(ProjectConfigurationPlatforms) = postSolution
		{CE2026D9-19C1-4C7A-966F-2B7DF48E8558}.Debug|Any CPU.ActiveCfg = Debug|Any CPU
		{CE2026D9-19C1-4C7A-966F-2B7DF48E8558}.Debug|Any CPU.Build.0 = Debug|Any CPU
		{CE2026D9-19C1-4C7A-966F-2B7DF48E8558}.Release|Any CPU.ActiveCfg = Release|Any CPU
		{CE2026D9-19C1-4C7A-966F-2B7DF48E8558}.Release|Any CPU.Build.0 = Release|Any CPU
	EndGlobalSection
EndGlobal
